// !$*UTF8*$!
{
	archiveVersion = 1;
	classes = {
	};
	objectVersion = 56;
	objects = {

/* Begin PBXBuildFile section */
		0CB601792938DF6400C18F08 /* main.swift in Sources */ = {isa = PBXBuildFile; fileRef = 0CB601782938DF6400C18F08 /* main.swift */; };
		0CB601802938DF7E00C18F08 /* Day1.swift in Sources */ = {isa = PBXBuildFile; fileRef = 0CB6017F2938DF7E00C18F08 /* Day1.swift */; };
		0CB60195293A49F700C18F08 /* Day2.swift in Sources */ = {isa = PBXBuildFile; fileRef = 0CB60194293A49F700C18F08 /* Day2.swift */; };
		0CB60197293CE59B00C18F08 /* Day3.swift in Sources */ = {isa = PBXBuildFile; fileRef = 0CB60196293CE59B00C18F08 /* Day3.swift */; };
		0CB60199293CF92000C18F08 /* Day4.swift in Sources */ = {isa = PBXBuildFile; fileRef = 0CB60198293CF92000C18F08 /* Day4.swift */; };
		0CB6019B293E246800C18F08 /* Day5.swift in Sources */ = {isa = PBXBuildFile; fileRef = 0CB6019A293E246800C18F08 /* Day5.swift */; };
		0CB601A5293F59A200C18F08 /* Input6.swift in Sources */ = {isa = PBXBuildFile; fileRef = 0CB601A4293F59A200C18F08 /* Input6.swift */; };
		0CB601A7293F59BD00C18F08 /* Day6.swift in Sources */ = {isa = PBXBuildFile; fileRef = 0CB601A6293F59BD00C18F08 /* Day6.swift */; };
		0CB601AA2940CD9700C18F08 /* Input7.swift in Sources */ = {isa = PBXBuildFile; fileRef = 0CB601A92940CD9700C18F08 /* Input7.swift */; };
		0CB601AC2940CE1500C18F08 /* Day7.swift in Sources */ = {isa = PBXBuildFile; fileRef = 0CB601AB2940CE1500C18F08 /* Day7.swift */; };
		0CB601AE2941F54C00C18F08 /* Input8.swift in Sources */ = {isa = PBXBuildFile; fileRef = 0CB601AD2941F54C00C18F08 /* Input8.swift */; };
		0CB601B02941F98700C18F08 /* Day8.swift in Sources */ = {isa = PBXBuildFile; fileRef = 0CB601AF2941F98700C18F08 /* Day8.swift */; };
		0CB601B2294357A700C18F08 /* Day9.swift in Sources */ = {isa = PBXBuildFile; fileRef = 0CB601B1294357A700C18F08 /* Day9.swift */; };
		0CB601B4294357C600C18F08 /* Input9.swift in Sources */ = {isa = PBXBuildFile; fileRef = 0CB601B3294357C600C18F08 /* Input9.swift */; };
/* End PBXBuildFile section */

/* Begin PBXCopyFilesBuildPhase section */
		0CB601732938DF6400C18F08 /* CopyFiles */ = {
			isa = PBXCopyFilesBuildPhase;
			buildActionMask = 2147483647;
			dstPath = /usr/share/man/man1/;
			dstSubfolderSpec = 0;
			files = (
			);
			runOnlyForDeploymentPostprocessing = 1;
		};
/* End PBXCopyFilesBuildPhase section */

/* Begin PBXFileReference section */
		0CB601752938DF6400C18F08 /* AdventOfCode2022 */ = {isa = PBXFileReference; explicitFileType = "compiled.mach-o.executable"; includeInIndex = 0; path = AdventOfCode2022; sourceTree = BUILT_PRODUCTS_DIR; };
		0CB601782938DF6400C18F08 /* main.swift */ = {isa = PBXFileReference; lastKnownFileType = sourcecode.swift; path = main.swift; sourceTree = "<group>"; };
		0CB6017F2938DF7E00C18F08 /* Day1.swift */ = {isa = PBXFileReference; lastKnownFileType = sourcecode.swift; path = Day1.swift; sourceTree = "<group>"; };
		0CB60194293A49F700C18F08 /* Day2.swift */ = {isa = PBXFileReference; lastKnownFileType = sourcecode.swift; path = Day2.swift; sourceTree = "<group>"; };
		0CB60196293CE59B00C18F08 /* Day3.swift */ = {isa = PBXFileReference; lastKnownFileType = sourcecode.swift; path = Day3.swift; sourceTree = "<group>"; };
		0CB60198293CF92000C18F08 /* Day4.swift */ = {isa = PBXFileReference; lastKnownFileType = sourcecode.swift; path = Day4.swift; sourceTree = "<group>"; };
		0CB6019A293E246800C18F08 /* Day5.swift */ = {isa = PBXFileReference; lastKnownFileType = sourcecode.swift; path = Day5.swift; sourceTree = "<group>"; };
		0CB601A4293F59A200C18F08 /* Input6.swift */ = {isa = PBXFileReference; fileEncoding = 4; lastKnownFileType = sourcecode.swift; path = Input6.swift; sourceTree = "<group>"; };
		0CB601A6293F59BD00C18F08 /* Day6.swift */ = {isa = PBXFileReference; fileEncoding = 4; lastKnownFileType = sourcecode.swift; path = Day6.swift; sourceTree = "<group>"; };
		0CB601A92940CD9700C18F08 /* Input7.swift */ = {isa = PBXFileReference; lastKnownFileType = sourcecode.swift; path = Input7.swift; sourceTree = "<group>"; };
		0CB601AB2940CE1500C18F08 /* Day7.swift */ = {isa = PBXFileReference; lastKnownFileType = sourcecode.swift; path = Day7.swift; sourceTree = "<group>"; };
		0CB601AD2941F54C00C18F08 /* Input8.swift */ = {isa = PBXFileReference; lastKnownFileType = sourcecode.swift; path = Input8.swift; sourceTree = "<group>"; };
		0CB601AF2941F98700C18F08 /* Day8.swift */ = {isa = PBXFileReference; lastKnownFileType = sourcecode.swift; path = Day8.swift; sourceTree = "<group>"; };
		0CB601B1294357A700C18F08 /* Day9.swift */ = {isa = PBXFileReference; lastKnownFileType = sourcecode.swift; path = Day9.swift; sourceTree = "<group>"; };
		0CB601B3294357C600C18F08 /* Input9.swift */ = {isa = PBXFileReference; lastKnownFileType = sourcecode.swift; path = Input9.swift; sourceTree = "<group>"; };
/* End PBXFileReference section */

/* Begin PBXFrameworksBuildPhase section */
		0CB601722938DF6400C18F08 /* Frameworks */ = {
			isa = PBXFrameworksBuildPhase;
			buildActionMask = 2147483647;
			files = (
			);
			runOnlyForDeploymentPostprocessing = 0;
		};
/* End PBXFrameworksBuildPhase section */

/* Begin PBXGroup section */
		0CB6016C2938DF6400C18F08 = {
			isa = PBXGroup;
			children = (
				0CB601772938DF6400C18F08 /* AdventOfCode2022 */,
				0CB601762938DF6400C18F08 /* Products */,
			);
			sourceTree = "<group>";
		};
		0CB601762938DF6400C18F08 /* Products */ = {
			isa = PBXGroup;
			children = (
				0CB601752938DF6400C18F08 /* AdventOfCode2022 */,
			);
			name = Products;
			sourceTree = "<group>";
		};
		0CB601772938DF6400C18F08 /* AdventOfCode2022 */ = {
			isa = PBXGroup;
			children = (
				0CB601782938DF6400C18F08 /* main.swift */,
				0CB601A3293F59A200C18F08 /* Input */,
				0CB601A8293F8E3900C18F08 /* Solutions */,
			);
			path = AdventOfCode2022;
			sourceTree = "<group>";
		};
		0CB601A3293F59A200C18F08 /* Input */ = {
			isa = PBXGroup;
			children = (
				0CB601A4293F59A200C18F08 /* Input6.swift */,
				0CB601A92940CD9700C18F08 /* Input7.swift */,
				0CB601AD2941F54C00C18F08 /* Input8.swift */,
				0CB601B3294357C600C18F08 /* Input9.swift */,
			);
			path = Input;
			sourceTree = "<group>";
		};
		0CB601A8293F8E3900C18F08 /* Solutions */ = {
			isa = PBXGroup;
			children = (
				0CB6017F2938DF7E00C18F08 /* Day1.swift */,
				0CB60194293A49F700C18F08 /* Day2.swift */,
				0CB60196293CE59B00C18F08 /* Day3.swift */,
				0CB60198293CF92000C18F08 /* Day4.swift */,
				0CB6019A293E246800C18F08 /* Day5.swift */,
				0CB601A6293F59BD00C18F08 /* Day6.swift */,
				0CB601AB2940CE1500C18F08 /* Day7.swift */,
				0CB601AF2941F98700C18F08 /* Day8.swift */,
				0CB601B1294357A700C18F08 /* Day9.swift */,
			);
			path = Solutions;
			sourceTree = "<group>";
		};
/* End PBXGroup section */

/* Begin PBXNativeTarget section */
		0CB601742938DF6400C18F08 /* AdventOfCode2022 */ = {
			isa = PBXNativeTarget;
			buildConfigurationList = 0CB6017C2938DF6400C18F08 /* Build configuration list for PBXNativeTarget "AdventOfCode2022" */;
			buildPhases = (
				0CB601712938DF6400C18F08 /* Sources */,
				0CB601722938DF6400C18F08 /* Frameworks */,
				0CB601732938DF6400C18F08 /* CopyFiles */,
			);
			buildRules = (
			);
			dependencies = (
			);
			name = AdventOfCode2022;
			productName = AdventOfCode2022;
			productReference = 0CB601752938DF6400C18F08 /* AdventOfCode2022 */;
			productType = "com.apple.product-type.tool";
		};
/* End PBXNativeTarget section */

/* Begin PBXProject section */
		0CB6016D2938DF6400C18F08 /* Project object */ = {
			isa = PBXProject;
			attributes = {
				BuildIndependentTargetsInParallel = 1;
				LastSwiftUpdateCheck = 1400;
				LastUpgradeCheck = 1400;
				TargetAttributes = {
					0CB601742938DF6400C18F08 = {
						CreatedOnToolsVersion = 14.0.1;
					};
				};
			};
			buildConfigurationList = 0CB601702938DF6400C18F08 /* Build configuration list for PBXProject "AdventOfCode2022" */;
			compatibilityVersion = "Xcode 14.0";
			developmentRegion = en;
			hasScannedForEncodings = 0;
			knownRegions = (
				en,
				Base,
			);
			mainGroup = 0CB6016C2938DF6400C18F08;
			productRefGroup = 0CB601762938DF6400C18F08 /* Products */;
			projectDirPath = "";
			projectRoot = "";
			targets = (
				0CB601742938DF6400C18F08 /* AdventOfCode2022 */,
			);
		};
/* End PBXProject section */

/* Begin PBXSourcesBuildPhase section */
		0CB601712938DF6400C18F08 /* Sources */ = {
			isa = PBXSourcesBuildPhase;
			buildActionMask = 2147483647;
			files = (
				0CB601802938DF7E00C18F08 /* Day1.swift in Sources */,
				0CB601A7293F59BD00C18F08 /* Day6.swift in Sources */,
				0CB60199293CF92000C18F08 /* Day4.swift in Sources */,
				0CB601A5293F59A200C18F08 /* Input6.swift in Sources */,
				0CB60195293A49F700C18F08 /* Day2.swift in Sources */,
				0CB601AA2940CD9700C18F08 /* Input7.swift in Sources */,
				0CB601AC2940CE1500C18F08 /* Day7.swift in Sources */,
				0CB601B02941F98700C18F08 /* Day8.swift in Sources */,
				0CB60197293CE59B00C18F08 /* Day3.swift in Sources */,
				0CB601B2294357A700C18F08 /* Day9.swift in Sources */,
				0CB601B4294357C600C18F08 /* Input9.swift in Sources */,
				0CB6019B293E246800C18F08 /* Day5.swift in Sources */,
				0CB601792938DF6400C18F08 /* main.swift in Sources */,
				0CB601AE2941F54C00C18F08 /* Input8.swift in Sources */,
			);
			runOnlyForDeploymentPostprocessing = 0;
		};
/* End PBXSourcesBuildPhase section */

/* Begin XCBuildConfiguration section */
		0CB6017A2938DF6400C18F08 /* Debug */ = {
			isa = XCBuildConfiguration;
			buildSettings = {
				ALWAYS_SEARCH_USER_PATHS = NO;
				CLANG_ANALYZER_NONNULL = YES;
				CLANG_ANALYZER_NUMBER_OBJECT_CONVERSION = YES_AGGRESSIVE;
				CLANG_CXX_LANGUAGE_STANDARD = "gnu++20";
				CLANG_ENABLE_MODULES = YES;
				CLANG_ENABLE_OBJC_ARC = YES;
				CLANG_ENABLE_OBJC_WEAK = YES;
				CLANG_WARN_BLOCK_CAPTURE_AUTORELEASING = YES;
				CLANG_WARN_BOOL_CONVERSION = YES;
				CLANG_WARN_COMMA = YES;
				CLANG_WARN_CONSTANT_CONVERSION = YES;
				CLANG_WARN_DEPRECATED_OBJC_IMPLEMENTATIONS = YES;
				CLANG_WARN_DIRECT_OBJC_ISA_USAGE = YES_ERROR;
				CLANG_WARN_DOCUMENTATION_COMMENTS = YES;
				CLANG_WARN_EMPTY_BODY = YES;
				CLANG_WARN_ENUM_CONVERSION = YES;
				CLANG_WARN_INFINITE_RECURSION = YES;
				CLANG_WARN_INT_CONVERSION = YES;
				CLANG_WARN_NON_LITERAL_NULL_CONVERSION = YES;
				CLANG_WARN_OBJC_IMPLICIT_RETAIN_SELF = YES;
				CLANG_WARN_OBJC_LITERAL_CONVERSION = YES;
				CLANG_WARN_OBJC_ROOT_CLASS = YES_ERROR;
				CLANG_WARN_QUOTED_INCLUDE_IN_FRAMEWORK_HEADER = YES;
				CLANG_WARN_RANGE_LOOP_ANALYSIS = YES;
				CLANG_WARN_STRICT_PROTOTYPES = YES;
				CLANG_WARN_SUSPICIOUS_MOVE = YES;
				CLANG_WARN_UNGUARDED_AVAILABILITY = YES_AGGRESSIVE;
				CLANG_WARN_UNREACHABLE_CODE = YES;
				CLANG_WARN__DUPLICATE_METHOD_MATCH = YES;
				COPY_PHASE_STRIP = NO;
				DEBUG_INFORMATION_FORMAT = dwarf;
				ENABLE_STRICT_OBJC_MSGSEND = YES;
				ENABLE_TESTABILITY = YES;
				GCC_C_LANGUAGE_STANDARD = gnu11;
				GCC_DYNAMIC_NO_PIC = NO;
				GCC_NO_COMMON_BLOCKS = YES;
				GCC_OPTIMIZATION_LEVEL = 0;
				GCC_PREPROCESSOR_DEFINITIONS = (
					"DEBUG=1",
					"$(inherited)",
				);
				GCC_WARN_64_TO_32_BIT_CONVERSION = YES;
				GCC_WARN_ABOUT_RETURN_TYPE = YES_ERROR;
				GCC_WARN_UNDECLARED_SELECTOR = YES;
				GCC_WARN_UNINITIALIZED_AUTOS = YES_AGGRESSIVE;
				GCC_WARN_UNUSED_FUNCTION = YES;
				GCC_WARN_UNUSED_VARIABLE = YES;
				MACOSX_DEPLOYMENT_TARGET = 12.3;
				MTL_ENABLE_DEBUG_INFO = INCLUDE_SOURCE;
				MTL_FAST_MATH = YES;
				ONLY_ACTIVE_ARCH = YES;
				SDKROOT = macosx;
				SWIFT_ACTIVE_COMPILATION_CONDITIONS = DEBUG;
				SWIFT_OPTIMIZATION_LEVEL = "-Onone";
			};
			name = Debug;
		};
		0CB6017B2938DF6400C18F08 /* Release */ = {
			isa = XCBuildConfiguration;
			buildSettings = {
				ALWAYS_SEARCH_USER_PATHS = NO;
				CLANG_ANALYZER_NONNULL = YES;
				CLANG_ANALYZER_NUMBER_OBJECT_CONVERSION = YES_AGGRESSIVE;
				CLANG_CXX_LANGUAGE_STANDARD = "gnu++20";
				CLANG_ENABLE_MODULES = YES;
				CLANG_ENABLE_OBJC_ARC = YES;
				CLANG_ENABLE_OBJC_WEAK = YES;
				CLANG_WARN_BLOCK_CAPTURE_AUTORELEASING = YES;
				CLANG_WARN_BOOL_CONVERSION = YES;
				CLANG_WARN_COMMA = YES;
				CLANG_WARN_CONSTANT_CONVERSION = YES;
				CLANG_WARN_DEPRECATED_OBJC_IMPLEMENTATIONS = YES;
				CLANG_WARN_DIRECT_OBJC_ISA_USAGE = YES_ERROR;
				CLANG_WARN_DOCUMENTATION_COMMENTS = YES;
				CLANG_WARN_EMPTY_BODY = YES;
				CLANG_WARN_ENUM_CONVERSION = YES;
				CLANG_WARN_INFINITE_RECURSION = YES;
				CLANG_WARN_INT_CONVERSION = YES;
				CLANG_WARN_NON_LITERAL_NULL_CONVERSION = YES;
				CLANG_WARN_OBJC_IMPLICIT_RETAIN_SELF = YES;
				CLANG_WARN_OBJC_LITERAL_CONVERSION = YES;
				CLANG_WARN_OBJC_ROOT_CLASS = YES_ERROR;
				CLANG_WARN_QUOTED_INCLUDE_IN_FRAMEWORK_HEADER = YES;
				CLANG_WARN_RANGE_LOOP_ANALYSIS = YES;
				CLANG_WARN_STRICT_PROTOTYPES = YES;
				CLANG_WARN_SUSPICIOUS_MOVE = YES;
				CLANG_WARN_UNGUARDED_AVAILABILITY = YES_AGGRESSIVE;
				CLANG_WARN_UNREACHABLE_CODE = YES;
				CLANG_WARN__DUPLICATE_METHOD_MATCH = YES;
				COPY_PHASE_STRIP = NO;
				DEBUG_INFORMATION_FORMAT = "dwarf-with-dsym";
				ENABLE_NS_ASSERTIONS = NO;
				ENABLE_STRICT_OBJC_MSGSEND = YES;
				GCC_C_LANGUAGE_STANDARD = gnu11;
				GCC_NO_COMMON_BLOCKS = YES;
				GCC_WARN_64_TO_32_BIT_CONVERSION = YES;
				GCC_WARN_ABOUT_RETURN_TYPE = YES_ERROR;
				GCC_WARN_UNDECLARED_SELECTOR = YES;
				GCC_WARN_UNINITIALIZED_AUTOS = YES_AGGRESSIVE;
				GCC_WARN_UNUSED_FUNCTION = YES;
				GCC_WARN_UNUSED_VARIABLE = YES;
				MACOSX_DEPLOYMENT_TARGET = 12.3;
				MTL_ENABLE_DEBUG_INFO = NO;
				MTL_FAST_MATH = YES;
				SDKROOT = macosx;
				SWIFT_COMPILATION_MODE = wholemodule;
				SWIFT_OPTIMIZATION_LEVEL = "-O";
			};
			name = Release;
		};
		0CB6017D2938DF6400C18F08 /* Debug */ = {
			isa = XCBuildConfiguration;
			buildSettings = {
				CODE_SIGN_STYLE = Automatic;
				DEVELOPMENT_TEAM = 5DR5YYJ2CC;
				ENABLE_HARDENED_RUNTIME = YES;
				PRODUCT_NAME = "$(TARGET_NAME)";
				SWIFT_VERSION = 5.0;
			};
			name = Debug;
		};
		0CB6017E2938DF6400C18F08 /* Release */ = {
			isa = XCBuildConfiguration;
			buildSettings = {
				CODE_SIGN_STYLE = Automatic;
				DEVELOPMENT_TEAM = 5DR5YYJ2CC;
				ENABLE_HARDENED_RUNTIME = YES;
				PRODUCT_NAME = "$(TARGET_NAME)";
				SWIFT_VERSION = 5.0;
			};
			name = Release;
		};
/* End XCBuildConfiguration section */

/* Begin XCConfigurationList section */
		0CB601702938DF6400C18F08 /* Build configuration list for PBXProject "AdventOfCode2022" */ = {
			isa = XCConfigurationList;
			buildConfigurations = (
				0CB6017A2938DF6400C18F08 /* Debug */,
				0CB6017B2938DF6400C18F08 /* Release */,
			);
			defaultConfigurationIsVisible = 0;
			defaultConfigurationName = Release;
		};
		0CB6017C2938DF6400C18F08 /* Build configuration list for PBXNativeTarget "AdventOfCode2022" */ = {
			isa = XCConfigurationList;
			buildConfigurations = (
				0CB6017D2938DF6400C18F08 /* Debug */,
				0CB6017E2938DF6400C18F08 /* Release */,
			);
			defaultConfigurationIsVisible = 0;
			defaultConfigurationName = Release;
		};
/* End XCConfigurationList section */
	};
	rootObject = 0CB6016D2938DF6400C18F08 /* Project object */;
}
